{
  "projects": [
    {
      "projectId": "jkU633o1Cz7HrJdwdxhVHk",
      "version": "16.10.0",
      "dependencies": {},
      "lang": "ts",
      "fileLocks": [
        {
          "assetId": "jkU633o1Cz7HrJdwdxhVHk",
          "type": "projectCss",
          "checksum": "0581d4378bb1604bb5fe3f65bb0a37de"
        }
      ],
      "codegenVersion": "0.0.1"
    },
    {
      "projectId": "ohDidvG9XsCeFumugENU3J",
      "version": "6.24.0",
      "dependencies": {},
      "lang": "ts",
      "fileLocks": [
        {
          "assetId": "ohDidvG9XsCeFumugENU3J",
          "type": "projectCss",
          "checksum": "fd83b730367fdbde2c69bc6cf31c2a3c"
        },
        {
          "assetId": "ohDidvG9XsCeFumugENU3J",
          "checksum": "de0a0e65174a6a185a8f822af51c6bdd",
          "type": "globalContexts"
        }
      ],
      "codegenVersion": "0.0.1"
    },
    {
      "projectId": "gLnoj82AzKVVT7qXiqAbHD",
      "version": "2.11.0",
      "dependencies": {},
      "lang": "ts",
      "fileLocks": [
        {
          "assetId": "gLnoj82AzKVVT7qXiqAbHD",
          "type": "projectCss",
          "checksum": "e1ec850476829c38b0f9b6d4f7ac446a"
        },
        {
          "type": "renderModule",
          "assetId": "lBHNzts6tFyj",
          "checksum": "ef5e27f892bda05258bbcf104dfa6884"
        },
        {
          "type": "cssRules",
          "assetId": "lBHNzts6tFyj",
          "checksum": "ef5e27f892bda05258bbcf104dfa6884"
        },
        {
          "type": "icon",
          "assetId": "zq2s7N0xWucT",
          "checksum": "61b12414624174db4cd2e3e683119fcb"
        },
        {
          "type": "icon",
          "assetId": "8K40faRNhuCj",
          "checksum": "4fedd32cd8730884585d804464a39318"
        }
      ],
      "codegenVersion": "0.0.1"
    },
    {
      "projectId": "4MtuMCBBSpY2eFK9ZdJ5Mb",
      "version": "latest",
      "dependencies": {
        "gLnoj82AzKVVT7qXiqAbHD": "2.11.0",
        "ohDidvG9XsCeFumugENU3J": "6.24.0",
        "jkU633o1Cz7HrJdwdxhVHk": "16.10.0"
      },
      "lang": "ts",
      "fileLocks": [
        {
          "type": "globalVariant",
          "assetId": "1RSjFoTAsjXn",
          "checksum": "b0378d152744c3a7b434355210f9bd79"
        },
        {
          "assetId": "4MtuMCBBSpY2eFK9ZdJ5Mb",
          "type": "projectCss",
          "checksum": "35b541b12f23d17ad5aad7f3197d1625"
        },
        {
          "assetId": "4MtuMCBBSpY2eFK9ZdJ5Mb",
          "checksum": "51c0c5d00b309aa4c65f4276f15924ad",
          "type": "globalContexts"
        },
        {
          "type": "renderModule",
          "assetId": "vwbj5ATcsBQR",
          "checksum": "265e418400de62807b393e1040291415"
        },
        {
          "type": "cssRules",
          "assetId": "vwbj5ATcsBQR",
          "checksum": "265e418400de62807b393e1040291415"
        },
        {
          "type": "renderModule",
          "assetId": "nXa0PEyntLLk",
          "checksum": "15e290e8b5367bad30548ecf830467e8"
        },
        {
          "type": "cssRules",
          "assetId": "nXa0PEyntLLk",
          "checksum": "15e290e8b5367bad30548ecf830467e8"
        },
        {
          "type": "renderModule",
          "assetId": "0dhDI4-ZqEDz",
          "checksum": "1bcea856f6dc815e494c57522396376a"
        },
        {
          "type": "cssRules",
          "assetId": "0dhDI4-ZqEDz",
          "checksum": "1bcea856f6dc815e494c57522396376a"
        },
        {
          "type": "renderModule",
          "assetId": "lGERIGLcrmd6",
          "checksum": "842b8fb29b6d6784596c8cf10553c89b"
        },
        {
          "type": "cssRules",
          "assetId": "lGERIGLcrmd6",
          "checksum": "842b8fb29b6d6784596c8cf10553c89b"
        },
        {
          "type": "renderModule",
          "assetId": "CRomRYvjTiHr",
          "checksum": "ff4515cb3dce3788086d5bca5c973043"
        },
        {
          "type": "cssRules",
          "assetId": "CRomRYvjTiHr",
          "checksum": "ff4515cb3dce3788086d5bca5c973043"
        },
        {
          "type": "renderModule",
          "assetId": "s0ib7IhQu5-H",
          "checksum": "44089c66deb02b7876f4ebdd6bafa871"
        },
        {
          "type": "cssRules",
          "assetId": "s0ib7IhQu5-H",
          "checksum": "44089c66deb02b7876f4ebdd6bafa871"
        },
        {
          "type": "icon",
          "assetId": "MCTDKNodVWrb",
          "checksum": "befa885392c61a44146a10f850f3f5d0"
        },
        {
          "type": "icon",
          "assetId": "oc_etAnxl707",
          "checksum": "18afea3246693a930bac11f6445ab809"
        },
        {
          "type": "icon",
          "assetId": "TNr0Zdo09ZRk",
          "checksum": "28c2ce197cb267c016043aa32a53428e"
        },
        {
          "type": "icon",
          "assetId": "5yeDUK6kcVYV",
          "checksum": "27bb27b49c53398a2e2abb42f504b78a"
        }
      ],
      "codegenVersion": "0.0.1"
    }
  ],
  "cliVersion": "0.1.330"
}
